dependencies:
- name: prometheus-node-exporter
  repository: https://prometheus-community.github.io/helm-charts
  version: 4.17.4
- name: kube-state-metrics
  repository: https://prometheus-community.github.io/helm-charts
  version: 5.7.0
digest: sha256:7f20d2b27b481c14962d304c498995cc77688f500523c510bfd250efa954f53a
generated: "2023-07-05T19:20:27.287677+03:00"
